PODS:
  - device_info_plus (0.0.1):
    - Flutter
  - file_selector_ios (0.0.1):
    - Flutter
  - Flutter (1.0.0)
  - health (1.0.4):
    - Flutter

DEPENDENCIES:
  - device_info_plus (from `.symlinks/plugins/device_info_plus/ios`)
  - file_selector_ios (from `.symlinks/plugins/file_selector_ios/ios`)
  - Flutter (from `Flutter`)
  - health (from `.symlinks/plugins/health/ios`)

EXTERNAL SOURCES:
  device_info_plus:
    :path: ".symlinks/plugins/device_info_plus/ios"
  file_selector_ios:
    :path: ".symlinks/plugins/file_selector_ios/ios"
  Flutter:
    :path: Flutter
  health:
    :path: ".symlinks/plugins/health/ios"

SPEC CHECKSUMS:
  device_info_plus: c6fb39579d0f423935b0c9ce7ee2f44b71b9fce6
  file_selector_ios: f0670c1064a8c8450e38145d8043160105d0b97c
  Flutter: e0871f40cf51350855a761d2e70bf5af5b9b5de7
  health: 5a380c0f6c4f619535845992993964293962e99e

PODFILE CHECKSUM: 351dbda8241c6ae667acbc7bc0353a0d9978d7f1

COCOAPODS: 1.15.2
